hash: 59aa94645dc1c6c692cc7e6b4aa79784fadc5c22938776081fd5e6538848a522
updated: 2016-09-22T01:15:26.641509622-04:00
imports:
- name: github.com/paralin/gogame
  version: efd4df5fc51f371c6eb33545a636498c5082a340
- name: github.com/golang/protobuf
  version: 1f49d83d9aa00e6ce4fc8258c71cc7786aec968a
  subpackages:
  - proto
- name: github.com/gopherjs/gopherjs
  version: 7600e3d439bd24b1a637bb6b67e9936c7d8736b3
  subpackages:
  - js
testImports: []
